
Microsoft Visual Studio Solution File, Format Version 12.00
# Visual Studio Version 16
VisualStudioVersion = 16.0.29905.134
MinimumVisualStudioVersion = 10.0.40219.1
Project("{9A19103F-16F7-4668-BE54-9A1E7A4F7556}") = "GrpcGreeter", "GrpcGreeter\GrpcGreeter.csproj", "{2E1ABE54-D93B-4F37-8C03-BB8A1235A15A}"
EndProject
Project("{9A19103F-16F7-4668-BE54-9A1E7A4F7556}") = "GrpcGreeterClient", "GrpcGreeterClient\GrpcGreeterClient.csproj", "{14BDC282-77D7-40F0-9B8B-721A39EE3A52}"
EndProject
Project("{2150E333-8FDC-42A3-9474-1A3956D46DE8}") = "Protos", "Protos", "{543AA520-A5A1-4F9D-8AEE-3EEF4F8B3154}"
	ProjectSection(SolutionItems) = preProject
		Protos\greet.proto = Protos\greet.proto
	EndProjectSection
EndProject
Global
	GlobalSection(SolutionConfigurationPlatforms) = preSolution
		Debug|Any CPU = Debug|Any CPU
		Release|Any CPU = Release|Any CPU
	EndGlobalSection
	GlobalSection(ProjectConfigurationPlatforms) = postSolution
		{2E1ABE54-D93B-4F37-8C03-BB8A1235A15A}.Debug|Any CPU.ActiveCfg = Debug|Any CPU
		{2E1ABE54-D93B-4F37-8C03-BB8A1235A15A}.Debug|Any CPU.Build.0 = Debug|Any CPU
		{2E1ABE54-D93B-4F37-8C03-BB8A1235A15A}.Release|Any CPU.ActiveCfg = Release|Any CPU
		{2E1ABE54-D93B-4F37-8C03-BB8A1235A15A}.Release|Any CPU.Build.0 = Release|Any CPU
		{14BDC282-77D7-40F0-9B8B-721A39EE3A52}.Debug|Any CPU.ActiveCfg = Debug|Any CPU
		{14BDC282-77D7-40F0-9B8B-721A39EE3A52}.Debug|Any CPU.Build.0 = Debug|Any CPU
		{14BDC282-77D7-40F0-9B8B-721A39EE3A52}.Release|Any CPU.ActiveCfg = Release|Any CPU
		{14BDC282-77D7-40F0-9B8B-721A39EE3A52}.Release|Any CPU.Build.0 = Release|Any CPU
	EndGlobalSection
	GlobalSection(SolutionProperties) = preSolution
		HideSolutionNode = FALSE
	EndGlobalSection
	GlobalSection(ExtensibilityGlobals) = postSolution
		SolutionGuid = {CE7A6935-F2D1-4CB0-BF77-464719CD9DEB}
	EndGlobalSection
EndGlobal
